
Microsoft Visual Studio Solution File, Format Version 12.00
# Visual Studio 15
VisualStudioVersion = 15.0.28010.2016
MinimumVisualStudioVersion = 10.0.40219.1
Project("{FAE04EC0-301F-11D3-BF4B-00C04F79EFBC}") = "CollisionDetectionApp", "CollisionDetectionApp\CollisionDetectionApp.csproj", "{D5F86C1B-CBD1-48B2-99B6-B107BA05CD1E}"
EndProject
Global
	GlobalSection(SolutionConfigurationPlatforms) = preSolution
		Debug|Any CPU = Debug|Any CPU
		Release|Any CPU = Release|Any CPU
	EndGlobalSection
	GlobalSection(ProjectConfigurationPlatforms) = postSolution
		{D5F86C1B-CBD1-48B2-99B6-B107BA05CD1E}.Debug|Any CPU.ActiveCfg = Debug|Any CPU
		{D5F86C1B-CBD1-48B2-99B6-B107BA05CD1E}.Debug|Any CPU.Build.0 = Debug|Any CPU
		{D5F86C1B-CBD1-48B2-99B6-B107BA05CD1E}.Release|Any CPU.ActiveCfg = Release|Any CPU
		{D5F86C1B-CBD1-48B2-99B6-B107BA05CD1E}.Release|Any CPU.Build.0 = Release|Any CPU
	EndGlobalSection
	GlobalSection(SolutionProperties) = preSolution
		HideSolutionNode = FALSE
	EndGlobalSection
	GlobalSection(ExtensibilityGlobals) = postSolution
		SolutionGuid = {3308FEF0-5560-48DC-9AFC-89C46B95121B}
	EndGlobalSection
EndGlobal
